// !$*UTF8*$!
{
	archiveVersion = 1;
	classes = {
	};
	objectVersion = 46;
	objects = {

/* Begin PBXBuildFile section */
		33326E3CA9378D6B7B33D46F /* Pods_StartRealm.framework in Frameworks */ = {isa = PBXBuildFile; fileRef = 4CE16F41B2BDFE76F1F5725E /* Pods_StartRealm.framework */; };
		5348B7231E54856300D11430 /* AppDelegate.swift in Sources */ = {isa = PBXBuildFile; fileRef = 5348B7221E54856300D11430 /* AppDelegate.swift */; };
		5348B7281E54856300D11430 /* Main.storyboard in Resources */ = {isa = PBXBuildFile; fileRef = 5348B7261E54856300D11430 /* Main.storyboard */; };
		5348B72A1E54856300D11430 /* Assets.xcassets in Resources */ = {isa = PBXBuildFile; fileRef = 5348B7291E54856300D11430 /* Assets.xcassets */; };
		5348B72D1E54856300D11430 /* LaunchScreen.storyboard in Resources */ = {isa = PBXBuildFile; fileRef = 5348B72B1E54856300D11430 /* LaunchScreen.storyboard */; };
		E95F3B0E1E7FFBA9007E652D /* StartRealm.swift in Sources */ = {isa = PBXBuildFile; fileRef = E95F3B0D1E7FFBA9007E652D /* StartRealm.swift */; };
		E9BB634F1E8057C100704115 /* ListTableViewController.swift in Sources */ = {isa = PBXBuildFile; fileRef = E9BB634E1E8057C100704115 /* ListTableViewController.swift */; };
		E9BB63511E80D89800704115 /* PhotoCollectionViewController.swift in Sources */ = {isa = PBXBuildFile; fileRef = E9BB63501E80D89800704115 /* PhotoCollectionViewController.swift */; };
		E9BB63531E80E87800704115 /* PhotoCollectionViewCell.swift in Sources */ = {isa = PBXBuildFile; fileRef = E9BB63521E80E87800704115 /* PhotoCollectionViewCell.swift */; };
/* End PBXBuildFile section */

/* Begin PBXFileReference section */
		2256052DD64349FBD37890F4 /* Pods-StartRealm.debug.xcconfig */ = {isa = PBXFileReference; includeInIndex = 1; lastKnownFileType = text.xcconfig; name = "Pods-StartRealm.debug.xcconfig"; path = "Pods/Target Support Files/Pods-StartRealm/Pods-StartRealm.debug.xcconfig"; sourceTree = "<group>"; };
		37EDB7DEF66EA5E9637FAD09 /* Pods-StartRealm.release.xcconfig */ = {isa = PBXFileReference; includeInIndex = 1; lastKnownFileType = text.xcconfig; name = "Pods-StartRealm.release.xcconfig"; path = "Pods/Target Support Files/Pods-StartRealm/Pods-StartRealm.release.xcconfig"; sourceTree = "<group>"; };
		4CE16F41B2BDFE76F1F5725E /* Pods_StartRealm.framework */ = {isa = PBXFileReference; explicitFileType = wrapper.framework; includeInIndex = 0; path = Pods_StartRealm.framework; sourceTree = BUILT_PRODUCTS_DIR; };
		5348B71F1E54856300D11430 /* StartRealm.app */ = {isa = PBXFileReference; explicitFileType = wrapper.application; includeInIndex = 0; path = StartRealm.app; sourceTree = BUILT_PRODUCTS_DIR; };
		5348B7221E54856300D11430 /* AppDelegate.swift */ = {isa = PBXFileReference; lastKnownFileType = sourcecode.swift; path = AppDelegate.swift; sourceTree = "<group>"; };
		5348B7271E54856300D11430 /* Base */ = {isa = PBXFileReference; lastKnownFileType = file.storyboard; name = Base; path = Base.lproj/Main.storyboard; sourceTree = "<group>"; };
		5348B7291E54856300D11430 /* Assets.xcassets */ = {isa = PBXFileReference; lastKnownFileType = folder.assetcatalog; path = Assets.xcassets; sourceTree = "<group>"; };
		5348B72C1E54856300D11430 /* Base */ = {isa = PBXFileReference; lastKnownFileType = file.storyboard; name = Base; path = Base.lproj/LaunchScreen.storyboard; sourceTree = "<group>"; };
		5348B72E1E54856300D11430 /* Info.plist */ = {isa = PBXFileReference; lastKnownFileType = text.plist.xml; path = Info.plist; sourceTree = "<group>"; };
		E95F3B0D1E7FFBA9007E652D /* StartRealm.swift */ = {isa = PBXFileReference; fileEncoding = 4; lastKnownFileType = sourcecode.swift; path = StartRealm.swift; sourceTree = "<group>"; };
		E9BB634E1E8057C100704115 /* ListTableViewController.swift */ = {isa = PBXFileReference; fileEncoding = 4; lastKnownFileType = sourcecode.swift; path = ListTableViewController.swift; sourceTree = "<group>"; };
		E9BB63501E80D89800704115 /* PhotoCollectionViewController.swift */ = {isa = PBXFileReference; fileEncoding = 4; lastKnownFileType = sourcecode.swift; path = PhotoCollectionViewController.swift; sourceTree = "<group>"; };
		E9BB63521E80E87800704115 /* PhotoCollectionViewCell.swift */ = {isa = PBXFileReference; fileEncoding = 4; lastKnownFileType = sourcecode.swift; path = PhotoCollectionViewCell.swift; sourceTree = "<group>"; };
/* End PBXFileReference section */

/* Begin PBXFrameworksBuildPhase section */
		5348B71C1E54856300D11430 /* Frameworks */ = {
			isa = PBXFrameworksBuildPhase;
			buildActionMask = 2147483647;
			files = (
				33326E3CA9378D6B7B33D46F /* Pods_StartRealm.framework in Frameworks */,
			);
			runOnlyForDeploymentPostprocessing = 0;
		};
/* End PBXFrameworksBuildPhase section */

/* Begin PBXGroup section */
		5348B7161E54856300D11430 = {
			isa = PBXGroup;
			children = (
				E95F3B041E7FB76B007E652D /* SupportingFiles */,
				5348B7211E54856300D11430 /* StartRealm */,
				5348B7201E54856300D11430 /* Products */,
				7613816EC17F663780AC8B8C /* Pods */,
				84F77B66F898878523796BEF /* Frameworks */,
			);
			sourceTree = "<group>";
		};
		5348B7201E54856300D11430 /* Products */ = {
			isa = PBXGroup;
			children = (
				5348B71F1E54856300D11430 /* StartRealm.app */,
			);
			name = Products;
			sourceTree = "<group>";
		};
		5348B7211E54856300D11430 /* StartRealm */ = {
			isa = PBXGroup;
			children = (
				E95F3B0D1E7FFBA9007E652D /* StartRealm.swift */,
				E9BB634E1E8057C100704115 /* ListTableViewController.swift */,
				E9BB63501E80D89800704115 /* PhotoCollectionViewController.swift */,
				E9BB63521E80E87800704115 /* PhotoCollectionViewCell.swift */,
				5348B7261E54856300D11430 /* Main.storyboard */,
			);
			path = StartRealm;
			sourceTree = "<group>";
		};
		7613816EC17F663780AC8B8C /* Pods */ = {
			isa = PBXGroup;
			children = (
				2256052DD64349FBD37890F4 /* Pods-StartRealm.debug.xcconfig */,
				37EDB7DEF66EA5E9637FAD09 /* Pods-StartRealm.release.xcconfig */,
			);
			name = Pods;
			sourceTree = "<group>";
		};
		84F77B66F898878523796BEF /* Frameworks */ = {
			isa = PBXGroup;
			children = (
				4CE16F41B2BDFE76F1F5725E /* Pods_StartRealm.framework */,
			);
			name = Frameworks;
			sourceTree = "<group>";
		};
		E95F3B041E7FB76B007E652D /* SupportingFiles */ = {
			isa = PBXGroup;
			children = (
				5348B7221E54856300D11430 /* AppDelegate.swift */,
				5348B7291E54856300D11430 /* Assets.xcassets */,
				5348B72B1E54856300D11430 /* LaunchScreen.storyboard */,
				5348B72E1E54856300D11430 /* Info.plist */,
			);
			name = SupportingFiles;
			path = StartRealm;
			sourceTree = "<group>";
		};
/* End PBXGroup section */

/* Begin PBXNativeTarget section */
		5348B71E1E54856300D11430 /* StartRealm */ = {
			isa = PBXNativeTarget;
			buildConfigurationList = 5348B7311E54856300D11430 /* Build configuration list for PBXNativeTarget "StartRealm" */;
			buildPhases = (
				89E45DF0FD5D09DAA2AD0C16 /* [CP] Check Pods Manifest.lock */,
				5348B71B1E54856300D11430 /* Sources */,
				5348B71C1E54856300D11430 /* Frameworks */,
				5348B71D1E54856300D11430 /* Resources */,
				55B403331950B76D31B3EA34 /* [CP] Embed Pods Frameworks */,
				2898B34BE6D219C6CC8C54F1 /* [CP] Copy Pods Resources */,
			);
			buildRules = (
			);
			dependencies = (
			);
			name = StartRealm;
			productName = StartRealm;
			productReference = 5348B71F1E54856300D11430 /* StartRealm.app */;
			productType = "com.apple.product-type.application";
		};
/* End PBXNativeTarget section */

/* Begin PBXProject section */
		5348B7171E54856300D11430 /* Project object */ = {
			isa = PBXProject;
			attributes = {
				LastSwiftUpdateCheck = 0820;
				LastUpgradeCheck = 0820;
				ORGANIZATIONNAME = "Jo Seong Gyu";
				TargetAttributes = {
					5348B71E1E54856300D11430 = {
						CreatedOnToolsVersion = 8.2.1;
						DevelopmentTeam = 77QBV58QPQ;
						ProvisioningStyle = Automatic;
					};
				};
			};
			buildConfigurationList = 5348B71A1E54856300D11430 /* Build configuration list for PBXProject "StartRealm" */;
			compatibilityVersion = "Xcode 3.2";
			developmentRegion = English;
			hasScannedForEncodings = 0;
			knownRegions = (
				en,
				Base,
			);
			mainGroup = 5348B7161E54856300D11430;
			productRefGroup = 5348B7201E54856300D11430 /* Products */;
			projectDirPath = "";
			projectRoot = "";
			targets = (
				5348B71E1E54856300D11430 /* StartRealm */,
			);
		};
/* End PBXProject section */

/* Begin PBXResourcesBuildPhase section */
		5348B71D1E54856300D11430 /* Resources */ = {
			isa = PBXResourcesBuildPhase;
			buildActionMask = 2147483647;
			files = (
				5348B72D1E54856300D11430 /* LaunchScreen.storyboard in Resources */,
				5348B72A1E54856300D11430 /* Assets.xcassets in Resources */,
				5348B7281E54856300D11430 /* Main.storyboard in Resources */,
			);
			runOnlyForDeploymentPostprocessing = 0;
		};
/* End PBXResourcesBuildPhase section */

/* Begin PBXShellScriptBuildPhase section */
		2898B34BE6D219C6CC8C54F1 /* [CP] Copy Pods Resources */ = {
			isa = PBXShellScriptBuildPhase;
			buildActionMask = 2147483647;
			files = (
			);
			inputPaths = (
			);
			name = "[CP] Copy Pods Resources";
			outputPaths = (
			);
			runOnlyForDeploymentPostprocessing = 0;
			shellPath = /bin/sh;
			shellScript = "\"${SRCROOT}/Pods/Target Support Files/Pods-StartRealm/Pods-StartRealm-resources.sh\"\n";
			showEnvVarsInLog = 0;
		};
		55B403331950B76D31B3EA34 /* [CP] Embed Pods Frameworks */ = {
			isa = PBXShellScriptBuildPhase;
			buildActionMask = 2147483647;
			files = (
			);
			inputPaths = (
			);
			name = "[CP] Embed Pods Frameworks";
			outputPaths = (
			);
			runOnlyForDeploymentPostprocessing = 0;
			shellPath = /bin/sh;
			shellScript = "\"${SRCROOT}/Pods/Target Support Files/Pods-StartRealm/Pods-StartRealm-frameworks.sh\"\n";
			showEnvVarsInLog = 0;
		};
		89E45DF0FD5D09DAA2AD0C16 /* [CP] Check Pods Manifest.lock */ = {
			isa = PBXShellScriptBuildPhase;
			buildActionMask = 2147483647;
			files = (
			);
			inputPaths = (
			);
			name = "[CP] Check Pods Manifest.lock";
			outputPaths = (
			);
			runOnlyForDeploymentPostprocessing = 0;
			shellPath = /bin/sh;
			shellScript = "diff \"${PODS_ROOT}/../Podfile.lock\" \"${PODS_ROOT}/Manifest.lock\" > /dev/null\nif [ $? != 0 ] ; then\n    # print error to STDERR\n    echo \"error: The sandbox is not in sync with the Podfile.lock. Run 'pod install' or update your CocoaPods installation.\" >&2\n    exit 1\nfi\n";
			showEnvVarsInLog = 0;
		};
/* End PBXShellScriptBuildPhase section */

/* Begin PBXSourcesBuildPhase section */
		5348B71B1E54856300D11430 /* Sources */ = {
			isa = PBXSourcesBuildPhase;
			buildActionMask = 2147483647;
			files = (
				E9BB63511E80D89800704115 /* PhotoCollectionViewController.swift in Sources */,
				E9BB63531E80E87800704115 /* PhotoCollectionViewCell.swift in Sources */,
				E95F3B0E1E7FFBA9007E652D /* StartRealm.swift in Sources */,
				5348B7231E54856300D11430 /* AppDelegate.swift in Sources */,
				E9BB634F1E8057C100704115 /* ListTableViewController.swift in Sources */,
			);
			runOnlyForDeploymentPostprocessing = 0;
		};
/* End PBXSourcesBuildPhase section */

/* Begin PBXVariantGroup section */
		5348B7261E54856300D11430 /* Main.storyboard */ = {
			isa = PBXVariantGroup;
			children = (
				5348B7271E54856300D11430 /* Base */,
			);
			name = Main.storyboard;
			sourceTree = "<group>";
		};
		5348B72B1E54856300D11430 /* LaunchScreen.storyboard */ = {
			isa = PBXVariantGroup;
			children = (
				5348B72C1E54856300D11430 /* Base */,
			);
			name = LaunchScreen.storyboard;
			sourceTree = "<group>";
		};
/* End PBXVariantGroup section */

/* Begin XCBuildConfiguration section */
		5348B72F1E54856300D11430 /* Debug */ = {
			isa = XCBuildConfiguration;
			buildSettings = {
				ALWAYS_SEARCH_USER_PATHS = NO;
				CLANG_ANALYZER_NONNULL = YES;
				CLANG_CXX_LANGUAGE_STANDARD = "gnu++0x";
				CLANG_CXX_LIBRARY = "libc++";
				CLANG_ENABLE_MODULES = YES;
				CLANG_ENABLE_OBJC_ARC = YES;
				CLANG_WARN_BOOL_CONVERSION = YES;
				CLANG_WARN_CONSTANT_CONVERSION = YES;
				CLANG_WARN_DIRECT_OBJC_ISA_USAGE = YES_ERROR;
				CLANG_WARN_DOCUMENTATION_COMMENTS = YES;
				CLANG_WARN_EMPTY_BODY = YES;
				CLANG_WARN_ENUM_CONVERSION = YES;
				CLANG_WARN_INFINITE_RECURSION = YES;
				CLANG_WARN_INT_CONVERSION = YES;
				CLANG_WARN_OBJC_ROOT_CLASS = YES_ERROR;
				CLANG_WARN_SUSPICIOUS_MOVE = YES;
				CLANG_WARN_UNREACHABLE_CODE = YES;
				CLANG_WARN__DUPLICATE_METHOD_MATCH = YES;
				"CODE_SIGN_IDENTITY[sdk=iphoneos*]" = "iPhone Developer";
				COPY_PHASE_STRIP = NO;
				DEBUG_INFORMATION_FORMAT = dwarf;
				ENABLE_STRICT_OBJC_MSGSEND = YES;
				ENABLE_TESTABILITY = YES;
				GCC_C_LANGUAGE_STANDARD = gnu99;
				GCC_DYNAMIC_NO_PIC = NO;
				GCC_NO_COMMON_BLOCKS = YES;
				GCC_OPTIMIZATION_LEVEL = 0;
				GCC_PREPROCESSOR_DEFINITIONS = (
					"DEBUG=1",
					"$(inherited)",
				);
				GCC_WARN_64_TO_32_BIT_CONVERSION = YES;
				GCC_WARN_ABOUT_RETURN_TYPE = YES_ERROR;
				GCC_WARN_UNDECLARED_SELECTOR = YES;
				GCC_WARN_UNINITIALIZED_AUTOS = YES_AGGRESSIVE;
				GCC_WARN_UNUSED_FUNCTION = YES;
				GCC_WARN_UNUSED_VARIABLE = YES;
				IPHONEOS_DEPLOYMENT_TARGET = 10.2;
				MTL_ENABLE_DEBUG_INFO = YES;
				ONLY_ACTIVE_ARCH = YES;
				SDKROOT = iphoneos;
				SWIFT_ACTIVE_COMPILATION_CONDITIONS = DEBUG;
				SWIFT_OPTIMIZATION_LEVEL = "-Onone";
			};
			name = Debug;
		};
		5348B7301E54856300D11430 /* Release */ = {
			isa = XCBuildConfiguration;
			buildSettings = {
				ALWAYS_SEARCH_USER_PATHS = NO;
				CLANG_ANALYZER_NONNULL = YES;
				CLANG_CXX_LANGUAGE_STANDARD = "gnu++0x";
				CLANG_CXX_LIBRARY = "libc++";
				CLANG_ENABLE_MODULES = YES;
				CLANG_ENABLE_OBJC_ARC = YES;
				CLANG_WARN_BOOL_CONVERSION = YES;
				CLANG_WARN_CONSTANT_CONVERSION = YES;
				CLANG_WARN_DIRECT_OBJC_ISA_USAGE = YES_ERROR;
				CLANG_WARN_DOCUMENTATION_COMMENTS = YES;
				CLANG_WARN_EMPTY_BODY = YES;
				CLANG_WARN_ENUM_CONVERSION = YES;
				CLANG_WARN_INFINITE_RECURSION = YES;
				CLANG_WARN_INT_CONVERSION = YES;
				CLANG_WARN_OBJC_ROOT_CLASS = YES_ERROR;
				CLANG_WARN_SUSPICIOUS_MOVE = YES;
				CLANG_WARN_UNREACHABLE_CODE = YES;
				CLANG_WARN__DUPLICATE_METHOD_MATCH = YES;
				"CODE_SIGN_IDENTITY[sdk=iphoneos*]" = "iPhone Developer";
				COPY_PHASE_STRIP = NO;
				DEBUG_INFORMATION_FORMAT = "dwarf-with-dsym";
				ENABLE_NS_ASSERTIONS = NO;
				ENABLE_STRICT_OBJC_MSGSEND = YES;
				GCC_C_LANGUAGE_STANDARD = gnu99;
				GCC_NO_COMMON_BLOCKS = YES;
				GCC_WARN_64_TO_32_BIT_CONVERSION = YES;
				GCC_WARN_ABOUT_RETURN_TYPE = YES_ERROR;
				GCC_WARN_UNDECLARED_SELECTOR = YES;
				GCC_WARN_UNINITIALIZED_AUTOS = YES_AGGRESSIVE;
				GCC_WARN_UNUSED_FUNCTION = YES;
				GCC_WARN_UNUSED_VARIABLE = YES;
				IPHONEOS_DEPLOYMENT_TARGET = 10.2;
				MTL_ENABLE_DEBUG_INFO = NO;
				SDKROOT = iphoneos;
				SWIFT_OPTIMIZATION_LEVEL = "-Owholemodule";
				VALIDATE_PRODUCT = YES;
			};
			name = Release;
		};
		5348B7321E54856300D11430 /* Debug */ = {
			isa = XCBuildConfiguration;
			baseConfigurationReference = 2256052DD64349FBD37890F4 /* Pods-StartRealm.debug.xcconfig */;
			buildSettings = {
				ASSETCATALOG_COMPILER_APPICON_NAME = AppIcon;
				DEVELOPMENT_TEAM = 77QBV58QPQ;
				INFOPLIST_FILE = StartRealm/Info.plist;
				LD_RUNPATH_SEARCH_PATHS = "$(inherited) @executable_path/Frameworks";
				PRODUCT_BUNDLE_IDENTIFIER = net.yagom.StartRealm;
				PRODUCT_NAME = "$(TARGET_NAME)";
				SWIFT_VERSION = 3.0;
			};
			name = Debug;
		};
		5348B7331E54856300D11430 /* Release */ = {
			isa = XCBuildConfiguration;
			baseConfigurationReference = 37EDB7DEF66EA5E9637FAD09 /* Pods-StartRealm.release.xcconfig */;
			buildSettings = {
				ASSETCATALOG_COMPILER_APPICON_NAME = AppIcon;
				DEVELOPMENT_TEAM = 77QBV58QPQ;
				INFOPLIST_FILE = StartRealm/Info.plist;
				LD_RUNPATH_SEARCH_PATHS = "$(inherited) @executable_path/Frameworks";
				PRODUCT_BUNDLE_IDENTIFIER = net.yagom.StartRealm;
				PRODUCT_NAME = "$(TARGET_NAME)";
				SWIFT_VERSION = 3.0;
			};
			name = Release;
		};
/* End XCBuildConfiguration section */

/* Begin XCConfigurationList section */
		5348B71A1E54856300D11430 /* Build configuration list for PBXProject "StartRealm" */ = {
			isa = XCConfigurationList;
			buildConfigurations = (
				5348B72F1E54856300D11430 /* Debug */,
				5348B7301E54856300D11430 /* Release */,
			);
			defaultConfigurationIsVisible = 0;
			defaultConfigurationName = Release;
		};
		5348B7311E54856300D11430 /* Build configuration list for PBXNativeTarget "StartRealm" */ = {
			isa = XCConfigurationList;
			buildConfigurations = (
				5348B7321E54856300D11430 /* Debug */,
				5348B7331E54856300D11430 /* Release */,
			);
			defaultConfigurationIsVisible = 0;
			defaultConfigurationName = Release;
		};
/* End XCConfigurationList section */
	};
	rootObject = 5348B7171E54856300D11430 /* Project object */;
}
